{
  "version": 4,
  "terraform_version": "1.5.3",
  "serial": 23,
  "lineage": "74c9658a-d8d3-4c79-01df-c080dbfe4588",
  "outputs": {
    "kubernetes_cluster_name": {
      "value": "skillful-octane-393107-gke",
      "type": "string"
    },
    "project_id": {
      "value": "skillful-octane-393107",
      "type": "string"
    },
    "region": {
      "value": "asia-east1-a",
      "type": "string"
    }
  },
  "resources": [
    {
      "mode": "managed",
      "type": "google_compute_network",
      "name": "vpc",
      "provider": "provider[\"registry.terraform.io/hashicorp/google\"]",
      "instances": [
        {
          "schema_version": 0,
          "attributes": {
            "auto_create_subnetworks": false,
            "delete_default_routes_on_create": false,
            "description": "",
            "enable_ula_internal_ipv6": false,
            "gateway_ipv4": "",
            "id": "projects/skillful-octane-393107/global/networks/skillful-octane-393107-vpc",
            "internal_ipv6_range": "",
            "mtu": 0,
            "name": "skillful-octane-393107-vpc",
            "project": "skillful-octane-393107",
            "routing_mode": "REGIONAL",
            "self_link": "https://www.googleapis.com/compute/v1/projects/skillful-octane-393107/global/networks/skillful-octane-393107-vpc",
            "timeouts": null
          },
          "sensitive_attributes": [],
          "private": "eyJlMmJmYjczMC1lY2FhLTExZTYtOGY4OC0zNDM2M2JjN2M0YzAiOnsiY3JlYXRlIjoxMjAwMDAwMDAwMDAwLCJkZWxldGUiOjEyMDAwMDAwMDAwMDAsInVwZGF0ZSI6MTIwMDAwMDAwMDAwMH19"
        }
      ]
    },
    {
      "mode": "managed",
      "type": "google_container_cluster",
      "name": "primary",
      "provider": "provider[\"registry.terraform.io/hashicorp/google\"]",
      "instances": []
    },
    {
      "mode": "managed",
      "type": "google_container_node_pool",
      "name": "primary_nodes",
      "provider": "provider[\"registry.terraform.io/hashicorp/google\"]",
      "instances": []
    }
  ],
  "check_results": null
}
